
Microsoft Visual Studio Solution File, Format Version 12.00
# Visual Studio 15
Project("{2150E333-8FDC-42A3-9474-1A3956D46DE8}") = "Domain", "Domain", "{81AECD0D-D840-430E-AF9C-96CFFB137E08}"
EndProject
Project("{2150E333-8FDC-42A3-9474-1A3956D46DE8}") = "Infra.Bus", "Infra.Bus", "{426828CC-2F82-4D77-BAB3-EE7FAF6268C3}"
EndProject
Project("{2150E333-8FDC-42A3-9474-1A3956D46DE8}") = "Infra.IoC", "Infra.IoC", "{4F96676C-A7F3-49B9-82E4-132265022BC9}"
EndProject
Project("{2150E333-8FDC-42A3-9474-1A3956D46DE8}") = "Microservices", "Microservices", "{FBFA1E4B-960D-4CAD-AE88-74C8B07F1551}"
EndProject
Project("{2150E333-8FDC-42A3-9474-1A3956D46DE8}") = "Presentation", "Presentation", "{F7640EBD-F02C-419F-87D8-9B764C7315F3}"
EndProject
Project("{FAE04EC0-301F-11D3-BF4B-00C04F79EFBC}") = "MicroRabbit.Domain.Core", "MicroRabbit.Domain.Core\MicroRabbit.Domain.Core.csproj", "{99B9EC21-F1A6-4298-A943-B0426800E850}"
EndProject
Project("{FAE04EC0-301F-11D3-BF4B-00C04F79EFBC}") = "MicroRabbit.Infra.Bus", "MicroRabbit.Infra.Bus\MicroRabbit.Infra.Bus.csproj", "{8A04F511-EEFF-4152-B051-F3123CFE44F6}"
EndProject
Project("{FAE04EC0-301F-11D3-BF4B-00C04F79EFBC}") = "MicroRabbit.Infra.IoC", "MicroRabbit.Infra.IoC\MicroRabbit.Infra.IoC.csproj", "{C4015C1D-AA46-4939-BEFD-B89F1CA7FF3B}"
EndProject
Project("{2150E333-8FDC-42A3-9474-1A3956D46DE8}") = "Application", "Application", "{FF995630-F97D-47CF-AEB4-955B395CEBBA}"
EndProject
Project("{2150E333-8FDC-42A3-9474-1A3956D46DE8}") = "API", "API", "{46184049-1C1A-4F55-868B-DD11B2A55F62}"
EndProject
Project("{2150E333-8FDC-42A3-9474-1A3956D46DE8}") = "Data", "Data", "{1CE88CD5-FF80-4885-8256-DDC43D13ECDE}"
EndProject
Project("{2150E333-8FDC-42A3-9474-1A3956D46DE8}") = "Domain", "Domain", "{7742CA69-1EAC-42C5-9AB5-9BDC5EB69D82}"
EndProject
Project("{2150E333-8FDC-42A3-9474-1A3956D46DE8}") = "Banking", "Banking", "{F6A392BB-2923-4CB5-8AA3-5FC6D6E9C4A1}"
EndProject
Project("{FAE04EC0-301F-11D3-BF4B-00C04F79EFBC}") = "MicroRabbit.Banking.Application", "MicroRabbit.Banking.Application\MicroRabbit.Banking.Application.csproj", "{5899A191-DAB0-42F7-8BF1-C6D9D59DF33B}"
EndProject
Project("{2150E333-8FDC-42A3-9474-1A3956D46DE8}") = "Transfer", "Transfer", "{19EB8F3E-D3C0-4140-A2B9-639D295D4962}"
EndProject
Project("{2150E333-8FDC-42A3-9474-1A3956D46DE8}") = "API", "API", "{62D3FC4D-A16F-4DFD-9A19-9F14D22186F0}"
EndProject
Project("{2150E333-8FDC-42A3-9474-1A3956D46DE8}") = "Application", "Application", "{0514151C-3265-4D96-9164-9F66D5B7823F}"
EndProject
Project("{2150E333-8FDC-42A3-9474-1A3956D46DE8}") = "Data", "Data", "{F4C8C7A6-901D-4808-8C54-E51DC92DD2D6}"
EndProject
Project("{2150E333-8FDC-42A3-9474-1A3956D46DE8}") = "Domain", "Domain", "{796984D6-8A0D-4AE7-8D39-AA823A8FE90D}"
EndProject
Project("{FAE04EC0-301F-11D3-BF4B-00C04F79EFBC}") = "MicroRabbit.Banking.Api", "MicroRabbit.Banking.Api\MicroRabbit.Banking.Api.csproj", "{465FB166-92FA-4AE7-84A6-59E02F603B3B}"
EndProject
Project("{FAE04EC0-301F-11D3-BF4B-00C04F79EFBC}") = "MicroRabbit.Banking.Data", "MicroRabbit.Banking.Data\MicroRabbit.Banking.Data.csproj", "{02143287-B3D4-401E-AFF1-B1F672FF3F33}"
EndProject
Project("{FAE04EC0-301F-11D3-BF4B-00C04F79EFBC}") = "MicroRabbit.Banking.Domain", "MicroRabbit.Banking.Domain\MicroRabbit.Banking.Domain.csproj", "{C2CA1FB0-6C96-4198-92EE-4FB2DCE75283}"
EndProject
Project("{FAE04EC0-301F-11D3-BF4B-00C04F79EFBC}") = "MicroRabbit.Transfer.Api", "MicroRabbit.Transfer.Api\MicroRabbit.Transfer.Api.csproj", "{6196C7A0-6A1E-4C97-86B5-E4686474B5CD}"
EndProject
Project("{FAE04EC0-301F-11D3-BF4B-00C04F79EFBC}") = "MicroRabbit.Transfer.Application", "MicroRabbit.Transfer.Application\MicroRabbit.Transfer.Application.csproj", "{1C3036A9-0716-43BA-AA71-1488E70362A1}"
EndProject
Project("{FAE04EC0-301F-11D3-BF4B-00C04F79EFBC}") = "MicroRabbit.Transfer.Data", "MicroRabbit.Transfer.Data\MicroRabbit.Transfer.Data.csproj", "{A080FBE9-BFFB-4878-B5BD-52DEEA940878}"
EndProject
Project("{FAE04EC0-301F-11D3-BF4B-00C04F79EFBC}") = "MicroRabbit.Tranfer.Domain", "MicroRabbit.Tranfer.Domain\MicroRabbit.Tranfer.Domain.csproj", "{9AD8CE71-4260-4C7A-B363-D0840C0CA1AF}"
EndProject
Global
	GlobalSection(SolutionConfigurationPlatforms) = preSolution
		Debug|Any CPU = Debug|Any CPU
		Release|Any CPU = Release|Any CPU
	EndGlobalSection
	GlobalSection(ProjectConfigurationPlatforms) = postSolution
		{99B9EC21-F1A6-4298-A943-B0426800E850}.Debug|Any CPU.ActiveCfg = Debug|Any CPU
		{99B9EC21-F1A6-4298-A943-B0426800E850}.Debug|Any CPU.Build.0 = Debug|Any CPU
		{99B9EC21-F1A6-4298-A943-B0426800E850}.Release|Any CPU.ActiveCfg = Release|Any CPU
		{99B9EC21-F1A6-4298-A943-B0426800E850}.Release|Any CPU.Build.0 = Release|Any CPU
		{8A04F511-EEFF-4152-B051-F3123CFE44F6}.Debug|Any CPU.ActiveCfg = Debug|Any CPU
		{8A04F511-EEFF-4152-B051-F3123CFE44F6}.Debug|Any CPU.Build.0 = Debug|Any CPU
		{8A04F511-EEFF-4152-B051-F3123CFE44F6}.Release|Any CPU.ActiveCfg = Release|Any CPU
		{8A04F511-EEFF-4152-B051-F3123CFE44F6}.Release|Any CPU.Build.0 = Release|Any CPU
		{C4015C1D-AA46-4939-BEFD-B89F1CA7FF3B}.Debug|Any CPU.ActiveCfg = Debug|Any CPU
		{C4015C1D-AA46-4939-BEFD-B89F1CA7FF3B}.Debug|Any CPU.Build.0 = Debug|Any CPU
		{C4015C1D-AA46-4939-BEFD-B89F1CA7FF3B}.Release|Any CPU.ActiveCfg = Release|Any CPU
		{C4015C1D-AA46-4939-BEFD-B89F1CA7FF3B}.Release|Any CPU.Build.0 = Release|Any CPU
		{5899A191-DAB0-42F7-8BF1-C6D9D59DF33B}.Debug|Any CPU.ActiveCfg = Debug|Any CPU
		{5899A191-DAB0-42F7-8BF1-C6D9D59DF33B}.Debug|Any CPU.Build.0 = Debug|Any CPU
		{5899A191-DAB0-42F7-8BF1-C6D9D59DF33B}.Release|Any CPU.ActiveCfg = Release|Any CPU
		{5899A191-DAB0-42F7-8BF1-C6D9D59DF33B}.Release|Any CPU.Build.0 = Release|Any CPU
		{465FB166-92FA-4AE7-84A6-59E02F603B3B}.Debug|Any CPU.ActiveCfg = Debug|Any CPU
		{465FB166-92FA-4AE7-84A6-59E02F603B3B}.Debug|Any CPU.Build.0 = Debug|Any CPU
		{465FB166-92FA-4AE7-84A6-59E02F603B3B}.Release|Any CPU.ActiveCfg = Release|Any CPU
		{465FB166-92FA-4AE7-84A6-59E02F603B3B}.Release|Any CPU.Build.0 = Release|Any CPU
		{02143287-B3D4-401E-AFF1-B1F672FF3F33}.Debug|Any CPU.ActiveCfg = Debug|Any CPU
		{02143287-B3D4-401E-AFF1-B1F672FF3F33}.Debug|Any CPU.Build.0 = Debug|Any CPU
		{02143287-B3D4-401E-AFF1-B1F672FF3F33}.Release|Any CPU.ActiveCfg = Release|Any CPU
		{02143287-B3D4-401E-AFF1-B1F672FF3F33}.Release|Any CPU.Build.0 = Release|Any CPU
		{C2CA1FB0-6C96-4198-92EE-4FB2DCE75283}.Debug|Any CPU.ActiveCfg = Debug|Any CPU
		{C2CA1FB0-6C96-4198-92EE-4FB2DCE75283}.Debug|Any CPU.Build.0 = Debug|Any CPU
		{C2CA1FB0-6C96-4198-92EE-4FB2DCE75283}.Release|Any CPU.ActiveCfg = Release|Any CPU
		{C2CA1FB0-6C96-4198-92EE-4FB2DCE75283}.Release|Any CPU.Build.0 = Release|Any CPU
		{6196C7A0-6A1E-4C97-86B5-E4686474B5CD}.Debug|Any CPU.ActiveCfg = Debug|Any CPU
		{6196C7A0-6A1E-4C97-86B5-E4686474B5CD}.Debug|Any CPU.Build.0 = Debug|Any CPU
		{6196C7A0-6A1E-4C97-86B5-E4686474B5CD}.Release|Any CPU.ActiveCfg = Release|Any CPU
		{6196C7A0-6A1E-4C97-86B5-E4686474B5CD}.Release|Any CPU.Build.0 = Release|Any CPU
		{1C3036A9-0716-43BA-AA71-1488E70362A1}.Debug|Any CPU.ActiveCfg = Debug|Any CPU
		{1C3036A9-0716-43BA-AA71-1488E70362A1}.Debug|Any CPU.Build.0 = Debug|Any CPU
		{1C3036A9-0716-43BA-AA71-1488E70362A1}.Release|Any CPU.ActiveCfg = Release|Any CPU
		{1C3036A9-0716-43BA-AA71-1488E70362A1}.Release|Any CPU.Build.0 = Release|Any CPU
		{A080FBE9-BFFB-4878-B5BD-52DEEA940878}.Debug|Any CPU.ActiveCfg = Debug|Any CPU
		{A080FBE9-BFFB-4878-B5BD-52DEEA940878}.Debug|Any CPU.Build.0 = Debug|Any CPU
		{A080FBE9-BFFB-4878-B5BD-52DEEA940878}.Release|Any CPU.ActiveCfg = Release|Any CPU
		{A080FBE9-BFFB-4878-B5BD-52DEEA940878}.Release|Any CPU.Build.0 = Release|Any CPU
		{9AD8CE71-4260-4C7A-B363-D0840C0CA1AF}.Debug|Any CPU.ActiveCfg = Debug|Any CPU
		{9AD8CE71-4260-4C7A-B363-D0840C0CA1AF}.Debug|Any CPU.Build.0 = Debug|Any CPU
		{9AD8CE71-4260-4C7A-B363-D0840C0CA1AF}.Release|Any CPU.ActiveCfg = Release|Any CPU
		{9AD8CE71-4260-4C7A-B363-D0840C0CA1AF}.Release|Any CPU.Build.0 = Release|Any CPU
	EndGlobalSection
	GlobalSection(NestedProjects) = preSolution
		{99B9EC21-F1A6-4298-A943-B0426800E850} = {81AECD0D-D840-430E-AF9C-96CFFB137E08}
		{8A04F511-EEFF-4152-B051-F3123CFE44F6} = {426828CC-2F82-4D77-BAB3-EE7FAF6268C3}
		{C4015C1D-AA46-4939-BEFD-B89F1CA7FF3B} = {4F96676C-A7F3-49B9-82E4-132265022BC9}
		{FF995630-F97D-47CF-AEB4-955B395CEBBA} = {F6A392BB-2923-4CB5-8AA3-5FC6D6E9C4A1}
		{46184049-1C1A-4F55-868B-DD11B2A55F62} = {F6A392BB-2923-4CB5-8AA3-5FC6D6E9C4A1}
		{1CE88CD5-FF80-4885-8256-DDC43D13ECDE} = {F6A392BB-2923-4CB5-8AA3-5FC6D6E9C4A1}
		{7742CA69-1EAC-42C5-9AB5-9BDC5EB69D82} = {F6A392BB-2923-4CB5-8AA3-5FC6D6E9C4A1}
		{F6A392BB-2923-4CB5-8AA3-5FC6D6E9C4A1} = {FBFA1E4B-960D-4CAD-AE88-74C8B07F1551}
		{5899A191-DAB0-42F7-8BF1-C6D9D59DF33B} = {FF995630-F97D-47CF-AEB4-955B395CEBBA}
		{19EB8F3E-D3C0-4140-A2B9-639D295D4962} = {FBFA1E4B-960D-4CAD-AE88-74C8B07F1551}
		{62D3FC4D-A16F-4DFD-9A19-9F14D22186F0} = {19EB8F3E-D3C0-4140-A2B9-639D295D4962}
		{0514151C-3265-4D96-9164-9F66D5B7823F} = {19EB8F3E-D3C0-4140-A2B9-639D295D4962}
		{F4C8C7A6-901D-4808-8C54-E51DC92DD2D6} = {19EB8F3E-D3C0-4140-A2B9-639D295D4962}
		{796984D6-8A0D-4AE7-8D39-AA823A8FE90D} = {19EB8F3E-D3C0-4140-A2B9-639D295D4962}
		{465FB166-92FA-4AE7-84A6-59E02F603B3B} = {46184049-1C1A-4F55-868B-DD11B2A55F62}
		{02143287-B3D4-401E-AFF1-B1F672FF3F33} = {1CE88CD5-FF80-4885-8256-DDC43D13ECDE}
		{C2CA1FB0-6C96-4198-92EE-4FB2DCE75283} = {7742CA69-1EAC-42C5-9AB5-9BDC5EB69D82}
		{6196C7A0-6A1E-4C97-86B5-E4686474B5CD} = {62D3FC4D-A16F-4DFD-9A19-9F14D22186F0}
		{1C3036A9-0716-43BA-AA71-1488E70362A1} = {0514151C-3265-4D96-9164-9F66D5B7823F}
		{A080FBE9-BFFB-4878-B5BD-52DEEA940878} = {F4C8C7A6-901D-4808-8C54-E51DC92DD2D6}
		{9AD8CE71-4260-4C7A-B363-D0840C0CA1AF} = {796984D6-8A0D-4AE7-8D39-AA823A8FE90D}
	EndGlobalSection
EndGlobal
