
Microsoft Visual Studio Solution File, Format Version 12.00
# Visual Studio 15
Project("{2150E333-8FDC-42A3-9474-1A3956D46DE8}") = "Domain", "Domain", "{81AECD0D-D840-430E-AF9C-96CFFB137E08}"
EndProject
Project("{2150E333-8FDC-42A3-9474-1A3956D46DE8}") = "Infra.Bus", "Infra.Bus", "{426828CC-2F82-4D77-BAB3-EE7FAF6268C3}"
EndProject
Project("{2150E333-8FDC-42A3-9474-1A3956D46DE8}") = "Infra.IoC", "Infra.IoC", "{4F96676C-A7F3-49B9-82E4-132265022BC9}"
EndProject
Project("{2150E333-8FDC-42A3-9474-1A3956D46DE8}") = "Microservices", "Microservices", "{FBFA1E4B-960D-4CAD-AE88-74C8B07F1551}"
EndProject
Project("{2150E333-8FDC-42A3-9474-1A3956D46DE8}") = "Presentation", "Presentation", "{F7640EBD-F02C-419F-87D8-9B764C7315F3}"
EndProject
Project("{FAE04EC0-301F-11D3-BF4B-00C04F79EFBC}") = "MicroRabbit.Domain.Core", "MicroRabbit.Domain.Core\MicroRabbit.Domain.Core.csproj", "{99B9EC21-F1A6-4298-A943-B0426800E850}"
EndProject
Project("{9344BDBB-3E7F-41FC-A0DD-8665D75EE146}") = "MicroRabbit.Infra.Bus", "MicroRabbit.Infra.Bus\MicroRabbit.Infra.Bus.csproj", "{8A04F511-EEFF-4152-B051-F3123CFE44F6}"
EndProject
Project("{9344BDBB-3E7F-41FC-A0DD-8665D75EE146}") = "MicroRabbit.Infra.IoC", "MicroRabbit.Infra.IoC\MicroRabbit.Infra.IoC.csproj", "{C4015C1D-AA46-4939-BEFD-B89F1CA7FF3B}"
EndProject
Project("{2150E333-8FDC-42A3-9474-1A3956D46DE8}") = "Application", "Application", "{FF995630-F97D-47CF-AEB4-955B395CEBBA}"
EndProject
Project("{2150E333-8FDC-42A3-9474-1A3956D46DE8}") = "API", "API", "{46184049-1C1A-4F55-868B-DD11B2A55F62}"
EndProject
Project("{2150E333-8FDC-42A3-9474-1A3956D46DE8}") = "Data", "Data", "{1CE88CD5-FF80-4885-8256-DDC43D13ECDE}"
EndProject
Project("{2150E333-8FDC-42A3-9474-1A3956D46DE8}") = "Domain", "Domain", "{7742CA69-1EAC-42C5-9AB5-9BDC5EB69D82}"
EndProject
Project("{2150E333-8FDC-42A3-9474-1A3956D46DE8}") = "Banking", "Banking", "{F6A392BB-2923-4CB5-8AA3-5FC6D6E9C4A1}"
EndProject
Project("{FAE04EC0-301F-11D3-BF4B-00C04F79EFBC}") = "MicroRabbit.Banking.Api", "MicroRabbit.Banking.Api\MicroRabbit.Banking.Api.csproj", "{5D84FB00-DA21-4037-9272-B4B16E42BE12}"
EndProject
Project("{FAE04EC0-301F-11D3-BF4B-00C04F79EFBC}") = "MicroRabbit.Banking.Application", "MicroRabbit.Banking.Application\MicroRabbit.Banking.Application.csproj", "{5899A191-DAB0-42F7-8BF1-C6D9D59DF33B}"
EndProject
Project("{FAE04EC0-301F-11D3-BF4B-00C04F79EFBC}") = "MicroRabbit.Banking.Data", "MicroRabbit.Banking.Data\MicroRabbit.Banking.Data.csproj", "{E65E2B78-942D-4101-9F7E-797C9BCDB319}"
EndProject
Project("{FAE04EC0-301F-11D3-BF4B-00C04F79EFBC}") = "MicroRabbit.Banking.Domain", "MicroRabbit.Banking.Domain\MicroRabbit.Banking.Domain.csproj", "{BCDECEAE-294D-4D5F-A8A8-5841921AEB83}"
EndProject
Global
	GlobalSection(SolutionConfigurationPlatforms) = preSolution
		Debug|Any CPU = Debug|Any CPU
		Release|Any CPU = Release|Any CPU
	EndGlobalSection
	GlobalSection(ProjectConfigurationPlatforms) = postSolution
		{99B9EC21-F1A6-4298-A943-B0426800E850}.Debug|Any CPU.ActiveCfg = Debug|Any CPU
		{99B9EC21-F1A6-4298-A943-B0426800E850}.Debug|Any CPU.Build.0 = Debug|Any CPU
		{99B9EC21-F1A6-4298-A943-B0426800E850}.Release|Any CPU.ActiveCfg = Release|Any CPU
		{99B9EC21-F1A6-4298-A943-B0426800E850}.Release|Any CPU.Build.0 = Release|Any CPU
		{8A04F511-EEFF-4152-B051-F3123CFE44F6}.Debug|Any CPU.ActiveCfg = Debug|Any CPU
		{8A04F511-EEFF-4152-B051-F3123CFE44F6}.Debug|Any CPU.Build.0 = Debug|Any CPU
		{8A04F511-EEFF-4152-B051-F3123CFE44F6}.Release|Any CPU.ActiveCfg = Release|Any CPU
		{8A04F511-EEFF-4152-B051-F3123CFE44F6}.Release|Any CPU.Build.0 = Release|Any CPU
		{C4015C1D-AA46-4939-BEFD-B89F1CA7FF3B}.Debug|Any CPU.ActiveCfg = Debug|Any CPU
		{C4015C1D-AA46-4939-BEFD-B89F1CA7FF3B}.Debug|Any CPU.Build.0 = Debug|Any CPU
		{C4015C1D-AA46-4939-BEFD-B89F1CA7FF3B}.Release|Any CPU.ActiveCfg = Release|Any CPU
		{C4015C1D-AA46-4939-BEFD-B89F1CA7FF3B}.Release|Any CPU.Build.0 = Release|Any CPU
		{5D84FB00-DA21-4037-9272-B4B16E42BE12}.Debug|Any CPU.ActiveCfg = Debug|Any CPU
		{5D84FB00-DA21-4037-9272-B4B16E42BE12}.Debug|Any CPU.Build.0 = Debug|Any CPU
		{5D84FB00-DA21-4037-9272-B4B16E42BE12}.Release|Any CPU.ActiveCfg = Release|Any CPU
		{5D84FB00-DA21-4037-9272-B4B16E42BE12}.Release|Any CPU.Build.0 = Release|Any CPU
		{5899A191-DAB0-42F7-8BF1-C6D9D59DF33B}.Debug|Any CPU.ActiveCfg = Debug|Any CPU
		{5899A191-DAB0-42F7-8BF1-C6D9D59DF33B}.Debug|Any CPU.Build.0 = Debug|Any CPU
		{5899A191-DAB0-42F7-8BF1-C6D9D59DF33B}.Release|Any CPU.ActiveCfg = Release|Any CPU
		{5899A191-DAB0-42F7-8BF1-C6D9D59DF33B}.Release|Any CPU.Build.0 = Release|Any CPU
		{E65E2B78-942D-4101-9F7E-797C9BCDB319}.Debug|Any CPU.ActiveCfg = Debug|Any CPU
		{E65E2B78-942D-4101-9F7E-797C9BCDB319}.Debug|Any CPU.Build.0 = Debug|Any CPU
		{E65E2B78-942D-4101-9F7E-797C9BCDB319}.Release|Any CPU.ActiveCfg = Release|Any CPU
		{E65E2B78-942D-4101-9F7E-797C9BCDB319}.Release|Any CPU.Build.0 = Release|Any CPU
		{BCDECEAE-294D-4D5F-A8A8-5841921AEB83}.Debug|Any CPU.ActiveCfg = Debug|Any CPU
		{BCDECEAE-294D-4D5F-A8A8-5841921AEB83}.Debug|Any CPU.Build.0 = Debug|Any CPU
		{BCDECEAE-294D-4D5F-A8A8-5841921AEB83}.Release|Any CPU.ActiveCfg = Release|Any CPU
		{BCDECEAE-294D-4D5F-A8A8-5841921AEB83}.Release|Any CPU.Build.0 = Release|Any CPU
	EndGlobalSection
	GlobalSection(NestedProjects) = preSolution
		{99B9EC21-F1A6-4298-A943-B0426800E850} = {81AECD0D-D840-430E-AF9C-96CFFB137E08}
		{8A04F511-EEFF-4152-B051-F3123CFE44F6} = {426828CC-2F82-4D77-BAB3-EE7FAF6268C3}
		{C4015C1D-AA46-4939-BEFD-B89F1CA7FF3B} = {4F96676C-A7F3-49B9-82E4-132265022BC9}
		{FF995630-F97D-47CF-AEB4-955B395CEBBA} = {F6A392BB-2923-4CB5-8AA3-5FC6D6E9C4A1}
		{46184049-1C1A-4F55-868B-DD11B2A55F62} = {F6A392BB-2923-4CB5-8AA3-5FC6D6E9C4A1}
		{1CE88CD5-FF80-4885-8256-DDC43D13ECDE} = {F6A392BB-2923-4CB5-8AA3-5FC6D6E9C4A1}
		{7742CA69-1EAC-42C5-9AB5-9BDC5EB69D82} = {F6A392BB-2923-4CB5-8AA3-5FC6D6E9C4A1}
		{F6A392BB-2923-4CB5-8AA3-5FC6D6E9C4A1} = {FBFA1E4B-960D-4CAD-AE88-74C8B07F1551}
		{5D84FB00-DA21-4037-9272-B4B16E42BE12} = {46184049-1C1A-4F55-868B-DD11B2A55F62}
		{5899A191-DAB0-42F7-8BF1-C6D9D59DF33B} = {FF995630-F97D-47CF-AEB4-955B395CEBBA}
		{E65E2B78-942D-4101-9F7E-797C9BCDB319} = {1CE88CD5-FF80-4885-8256-DDC43D13ECDE}
		{BCDECEAE-294D-4D5F-A8A8-5841921AEB83} = {7742CA69-1EAC-42C5-9AB5-9BDC5EB69D82}
	EndGlobalSection
EndGlobal
